
Microsoft Visual Studio Solution File, Format Version 12.00
# Visual Studio 15
VisualStudioVersion = 15.0.27703.2026
MinimumVisualStudioVersion = 10.0.40219.1
Project("{9A19103F-16F7-4668-BE54-9A1E7A4F7556}") = "Client", "Source\Client\Client.csproj", "{CFF0B26D-BF39-4452-8802-E2BCE6311970}"
EndProject
Project("{9A19103F-16F7-4668-BE54-9A1E7A4F7556}") = "Service", "Source\Service\Service.csproj", "{153612A2-5F57-488C-AB15-40A85088FCA7}"
EndProject
Project("{9A19103F-16F7-4668-BE54-9A1E7A4F7556}") = "Process", "Source\Process\Process.csproj", "{D2061E5E-6FB9-4863-95E0-0B7E2B6BC1A1}"
EndProject
Project("{9A19103F-16F7-4668-BE54-9A1E7A4F7556}") = "Interface", "Source\Interface\Interface.csproj", "{8FF5D089-AF1C-4E77-B95C-69DC32D21620}"
EndProject
Project("{2150E333-8FDC-42A3-9474-1A3956D46DE8}") = "Source", "Source", "{1B03F557-C76B-4E3D-826C-94008648E99D}"
EndProject
Project("{2150E333-8FDC-42A3-9474-1A3956D46DE8}") = "Test", "Test", "{6ABCB47F-E33F-4427-B702-E1864F60E55D}"
EndProject
Project("{2150E333-8FDC-42A3-9474-1A3956D46DE8}") = "config", "config", "{C348DC71-2341-404E-B40E-77EF23AFCBBC}"
	ProjectSection(SolutionItems) = preProject
		config\config.yml = config\config.yml
	EndProjectSection
EndProject
Project("{2150E333-8FDC-42A3-9474-1A3956D46DE8}") = "docker", "docker", "{517E447C-C902-4347-B0B3-2CDC36E6414A}"
	ProjectSection(SolutionItems) = preProject
		docker\docker-compose.test.yml = docker\docker-compose.test.yml
		docker\docker-compose.yml = docker\docker-compose.yml
		docker\Dockerfile = docker\Dockerfile
		docker\Dockerfile.build = docker\Dockerfile.build
		docker\Dockerfile.test = docker\Dockerfile.test
	EndProjectSection
EndProject
Project("{9A19103F-16F7-4668-BE54-9A1E7A4F7556}") = "Service.Test", "Test\Service.Test\Service.Test.csproj", "{20EAF1D3-17F3-40DF-956F-0197E4B32808}"
EndProject
Project("{9A19103F-16F7-4668-BE54-9A1E7A4F7556}") = "Client.Test", "Test\Client.Test\Client.Test.csproj", "{56EE1A08-39A8-4F6B-95FF-A987E312616C}"
EndProject
Global
	GlobalSection(SolutionConfigurationPlatforms) = preSolution
		Debug|Any CPU = Debug|Any CPU
		Release|Any CPU = Release|Any CPU
	EndGlobalSection
	GlobalSection(ProjectConfigurationPlatforms) = postSolution
		{CFF0B26D-BF39-4452-8802-E2BCE6311970}.Debug|Any CPU.ActiveCfg = Debug|Any CPU
		{CFF0B26D-BF39-4452-8802-E2BCE6311970}.Debug|Any CPU.Build.0 = Debug|Any CPU
		{CFF0B26D-BF39-4452-8802-E2BCE6311970}.Release|Any CPU.ActiveCfg = Release|Any CPU
		{CFF0B26D-BF39-4452-8802-E2BCE6311970}.Release|Any CPU.Build.0 = Release|Any CPU
		{153612A2-5F57-488C-AB15-40A85088FCA7}.Debug|Any CPU.ActiveCfg = Debug|Any CPU
		{153612A2-5F57-488C-AB15-40A85088FCA7}.Debug|Any CPU.Build.0 = Debug|Any CPU
		{153612A2-5F57-488C-AB15-40A85088FCA7}.Release|Any CPU.ActiveCfg = Release|Any CPU
		{153612A2-5F57-488C-AB15-40A85088FCA7}.Release|Any CPU.Build.0 = Release|Any CPU
		{D2061E5E-6FB9-4863-95E0-0B7E2B6BC1A1}.Debug|Any CPU.ActiveCfg = Debug|Any CPU
		{D2061E5E-6FB9-4863-95E0-0B7E2B6BC1A1}.Debug|Any CPU.Build.0 = Debug|Any CPU
		{D2061E5E-6FB9-4863-95E0-0B7E2B6BC1A1}.Release|Any CPU.ActiveCfg = Release|Any CPU
		{D2061E5E-6FB9-4863-95E0-0B7E2B6BC1A1}.Release|Any CPU.Build.0 = Release|Any CPU
		{8FF5D089-AF1C-4E77-B95C-69DC32D21620}.Debug|Any CPU.ActiveCfg = Debug|Any CPU
		{8FF5D089-AF1C-4E77-B95C-69DC32D21620}.Debug|Any CPU.Build.0 = Debug|Any CPU
		{8FF5D089-AF1C-4E77-B95C-69DC32D21620}.Release|Any CPU.ActiveCfg = Release|Any CPU
		{8FF5D089-AF1C-4E77-B95C-69DC32D21620}.Release|Any CPU.Build.0 = Release|Any CPU
		{20EAF1D3-17F3-40DF-956F-0197E4B32808}.Debug|Any CPU.ActiveCfg = Debug|Any CPU
		{20EAF1D3-17F3-40DF-956F-0197E4B32808}.Debug|Any CPU.Build.0 = Debug|Any CPU
		{20EAF1D3-17F3-40DF-956F-0197E4B32808}.Release|Any CPU.ActiveCfg = Release|Any CPU
		{20EAF1D3-17F3-40DF-956F-0197E4B32808}.Release|Any CPU.Build.0 = Release|Any CPU
		{56EE1A08-39A8-4F6B-95FF-A987E312616C}.Debug|Any CPU.ActiveCfg = Debug|Any CPU
		{56EE1A08-39A8-4F6B-95FF-A987E312616C}.Debug|Any CPU.Build.0 = Debug|Any CPU
		{56EE1A08-39A8-4F6B-95FF-A987E312616C}.Release|Any CPU.ActiveCfg = Release|Any CPU
		{56EE1A08-39A8-4F6B-95FF-A987E312616C}.Release|Any CPU.Build.0 = Release|Any CPU
	EndGlobalSection
	GlobalSection(SolutionProperties) = preSolution
		HideSolutionNode = FALSE
	EndGlobalSection
	GlobalSection(NestedProjects) = preSolution
		{CFF0B26D-BF39-4452-8802-E2BCE6311970} = {1B03F557-C76B-4E3D-826C-94008648E99D}
		{153612A2-5F57-488C-AB15-40A85088FCA7} = {1B03F557-C76B-4E3D-826C-94008648E99D}
		{D2061E5E-6FB9-4863-95E0-0B7E2B6BC1A1} = {1B03F557-C76B-4E3D-826C-94008648E99D}
		{8FF5D089-AF1C-4E77-B95C-69DC32D21620} = {1B03F557-C76B-4E3D-826C-94008648E99D}
		{20EAF1D3-17F3-40DF-956F-0197E4B32808} = {6ABCB47F-E33F-4427-B702-E1864F60E55D}
		{56EE1A08-39A8-4F6B-95FF-A987E312616C} = {6ABCB47F-E33F-4427-B702-E1864F60E55D}
	EndGlobalSection
	GlobalSection(ExtensibilityGlobals) = postSolution
		SolutionGuid = {231A4A6F-F863-40ED-AC84-19E9D449D69D}
	EndGlobalSection
EndGlobal
